{
  "requires": true,
  "lockfileVersion": 1,
  "dependencies": {
    "@dcloudio/uni-ui": {
      "version": "1.2.5",
      "resolved": "https://registry.npmjs.org/@dcloudio/uni-ui/-/uni-ui-1.2.5.tgz",
      "integrity": "sha512-HAeE/wIWyXb7z1dmWuETSfS3/fUL21dyUqEE1ppwOYiFBNt9Kh5M6Yp+18CcI7Y1GBQhWLyhTipN6Aj2fx8EPw=="
    },
    "umtrack-wx": {
      "version": "2.4.6",
      "resolved": "https://registry.npm.taobao.org/umtrack-wx/download/umtrack-wx-2.4.6.tgz",
      "integrity": "sha1-l/+LeV7WX37jKiiA0ZyD9qyB/84="
    }
  }
}
